
Microsoft Visual Studio Solution File, Format Version 12.00
# Visual Studio Version 17
VisualStudioVersion = 17.3.32901.215
MinimumVisualStudioVersion = 10.0.40219.1
Project("{9A19103F-16F7-4668-BE54-9A1E7A4F7556}") = "Sales Tax", "Sales Tax\Sales Tax.csproj", "{B7EC283B-F19C-4A84-BD68-8399F4659077}"
EndProject
Project("{9A19103F-16F7-4668-BE54-9A1E7A4F7556}") = "AccountsLibrary", "Accounts\AccountsLibrary.csproj", "{E865A2AC-EE0C-4F4C-A663-560AE936728E}"
EndProject
Global
	GlobalSection(SolutionConfigurationPlatforms) = preSolution
		Debug|Any CPU = Debug|Any CPU
		Release|Any CPU = Release|Any CPU
	EndGlobalSection
	GlobalSection(ProjectConfigurationPlatforms) = postSolution
		{B7EC283B-F19C-4A84-BD68-8399F4659077}.Debug|Any CPU.ActiveCfg = Debug|Any CPU
		{B7EC283B-F19C-4A84-BD68-8399F4659077}.Debug|Any CPU.Build.0 = Debug|Any CPU
		{B7EC283B-F19C-4A84-BD68-8399F4659077}.Release|Any CPU.ActiveCfg = Release|Any CPU
		{B7EC283B-F19C-4A84-BD68-8399F4659077}.Release|Any CPU.Build.0 = Release|Any CPU
		{E865A2AC-EE0C-4F4C-A663-560AE936728E}.Debug|Any CPU.ActiveCfg = Debug|Any CPU
		{E865A2AC-EE0C-4F4C-A663-560AE936728E}.Debug|Any CPU.Build.0 = Debug|Any CPU
		{E865A2AC-EE0C-4F4C-A663-560AE936728E}.Release|Any CPU.ActiveCfg = Release|Any CPU
		{E865A2AC-EE0C-4F4C-A663-560AE936728E}.Release|Any CPU.Build.0 = Release|Any CPU
	EndGlobalSection
	GlobalSection(SolutionProperties) = preSolution
		HideSolutionNode = FALSE
	EndGlobalSection
	GlobalSection(ExtensibilityGlobals) = postSolution
		SolutionGuid = {CE28158D-5558-492C-AFF1-582B32B4708B}
	EndGlobalSection
EndGlobal
